
Microsoft Visual Studio Solution File, Format Version 12.00
# Visual Studio Version 17
VisualStudioVersion = 17.0.31903.59
MinimumVisualStudioVersion = 10.0.40219.1
Project("{2150E333-8FDC-42A3-9474-1A3956D46DE8}") = "backend", "backend", "{827E0CD3-B72D-47B6-A68D-7590B98EB39B}"
EndProject
Project("{FAE04EC0-301F-11D3-BF4B-00C04F79EFBC}") = "Inventory.Domain", "backend\Inventory.Domain\Inventory.Domain.csproj", "{941C574F-2599-4113-AA7F-B25F50848DBE}"
EndProject
Project("{FAE04EC0-301F-11D3-BF4B-00C04F79EFBC}") = "Inventory.Infrastructure", "backend\Inventory.Infrastructure\Inventory.Infrastructure.csproj", "{22A6B2FB-8D1C-43CE-8C74-84B8101CF20F}"
EndProject
Project("{FAE04EC0-301F-11D3-BF4B-00C04F79EFBC}") = "Inventory.API", "backend\Inventory.API\Inventory.API.csproj", "{3FA13A47-5FD8-4A0F-B6A2-205956F337B5}"
EndProject
Project("{FAE04EC0-301F-11D3-BF4B-00C04F79EFBC}") = "base.AppHost", "base.AppHost\base.AppHost.csproj", "{FD518DDC-2A26-4BCE-B09B-C8FEB05CBB9C}"
EndProject
Project("{FAE04EC0-301F-11D3-BF4B-00C04F79EFBC}") = "base.ServiceDefaults", "base.ServiceDefaults\base.ServiceDefaults.csproj", "{324B82AF-8B10-464E-8FB9-25B56DF81819}"
EndProject
Project("{FAE04EC0-301F-11D3-BF4B-00C04F79EFBC}") = "Inventory.API.IntegrationTests", "backend\Inventory.API.IntegrationTests\Inventory.API.IntegrationTests.csproj", "{7384ADE0-9684-4068-9F21-4156F8EAF4E4}"
EndProject
Global
	GlobalSection(SolutionConfigurationPlatforms) = preSolution
		Debug|Any CPU = Debug|Any CPU
		Debug|x64 = Debug|x64
		Debug|x86 = Debug|x86
		Release|Any CPU = Release|Any CPU
		Release|x64 = Release|x64
		Release|x86 = Release|x86
	EndGlobalSection
	GlobalSection(ProjectConfigurationPlatforms) = postSolution
		{941C574F-2599-4113-AA7F-B25F50848DBE}.Debug|Any CPU.ActiveCfg = Debug|Any CPU
		{941C574F-2599-4113-AA7F-B25F50848DBE}.Debug|Any CPU.Build.0 = Debug|Any CPU
		{941C574F-2599-4113-AA7F-B25F50848DBE}.Debug|x64.ActiveCfg = Debug|Any CPU
		{941C574F-2599-4113-AA7F-B25F50848DBE}.Debug|x64.Build.0 = Debug|Any CPU
		{941C574F-2599-4113-AA7F-B25F50848DBE}.Debug|x86.ActiveCfg = Debug|Any CPU
		{941C574F-2599-4113-AA7F-B25F50848DBE}.Debug|x86.Build.0 = Debug|Any CPU
		{941C574F-2599-4113-AA7F-B25F50848DBE}.Release|Any CPU.ActiveCfg = Release|Any CPU
		{941C574F-2599-4113-AA7F-B25F50848DBE}.Release|Any CPU.Build.0 = Release|Any CPU
		{941C574F-2599-4113-AA7F-B25F50848DBE}.Release|x64.ActiveCfg = Release|Any CPU
		{941C574F-2599-4113-AA7F-B25F50848DBE}.Release|x64.Build.0 = Release|Any CPU
		{941C574F-2599-4113-AA7F-B25F50848DBE}.Release|x86.ActiveCfg = Release|Any CPU
		{941C574F-2599-4113-AA7F-B25F50848DBE}.Release|x86.Build.0 = Release|Any CPU
		{22A6B2FB-8D1C-43CE-8C74-84B8101CF20F}.Debug|Any CPU.ActiveCfg = Debug|Any CPU
		{22A6B2FB-8D1C-43CE-8C74-84B8101CF20F}.Debug|Any CPU.Build.0 = Debug|Any CPU
		{22A6B2FB-8D1C-43CE-8C74-84B8101CF20F}.Debug|x64.ActiveCfg = Debug|Any CPU
		{22A6B2FB-8D1C-43CE-8C74-84B8101CF20F}.Debug|x64.Build.0 = Debug|Any CPU
		{22A6B2FB-8D1C-43CE-8C74-84B8101CF20F}.Debug|x86.ActiveCfg = Debug|Any CPU
		{22A6B2FB-8D1C-43CE-8C74-84B8101CF20F}.Debug|x86.Build.0 = Debug|Any CPU
		{22A6B2FB-8D1C-43CE-8C74-84B8101CF20F}.Release|Any CPU.ActiveCfg = Release|Any CPU
		{22A6B2FB-8D1C-43CE-8C74-84B8101CF20F}.Release|Any CPU.Build.0 = Release|Any CPU
		{22A6B2FB-8D1C-43CE-8C74-84B8101CF20F}.Release|x64.ActiveCfg = Release|Any CPU
		{22A6B2FB-8D1C-43CE-8C74-84B8101CF20F}.Release|x64.Build.0 = Release|Any CPU
		{22A6B2FB-8D1C-43CE-8C74-84B8101CF20F}.Release|x86.ActiveCfg = Release|Any CPU
		{22A6B2FB-8D1C-43CE-8C74-84B8101CF20F}.Release|x86.Build.0 = Release|Any CPU
		{3FA13A47-5FD8-4A0F-B6A2-205956F337B5}.Debug|Any CPU.ActiveCfg = Debug|Any CPU
		{3FA13A47-5FD8-4A0F-B6A2-205956F337B5}.Debug|Any CPU.Build.0 = Debug|Any CPU
		{3FA13A47-5FD8-4A0F-B6A2-205956F337B5}.Debug|x64.ActiveCfg = Debug|Any CPU
		{3FA13A47-5FD8-4A0F-B6A2-205956F337B5}.Debug|x64.Build.0 = Debug|Any CPU
		{3FA13A47-5FD8-4A0F-B6A2-205956F337B5}.Debug|x86.ActiveCfg = Debug|Any CPU
		{3FA13A47-5FD8-4A0F-B6A2-205956F337B5}.Debug|x86.Build.0 = Debug|Any CPU
		{3FA13A47-5FD8-4A0F-B6A2-205956F337B5}.Release|Any CPU.ActiveCfg = Release|Any CPU
		{3FA13A47-5FD8-4A0F-B6A2-205956F337B5}.Release|Any CPU.Build.0 = Release|Any CPU
		{3FA13A47-5FD8-4A0F-B6A2-205956F337B5}.Release|x64.ActiveCfg = Release|Any CPU
		{3FA13A47-5FD8-4A0F-B6A2-205956F337B5}.Release|x64.Build.0 = Release|Any CPU
		{3FA13A47-5FD8-4A0F-B6A2-205956F337B5}.Release|x86.ActiveCfg = Release|Any CPU
		{3FA13A47-5FD8-4A0F-B6A2-205956F337B5}.Release|x86.Build.0 = Release|Any CPU
		{FD518DDC-2A26-4BCE-B09B-C8FEB05CBB9C}.Debug|Any CPU.ActiveCfg = Debug|Any CPU
		{FD518DDC-2A26-4BCE-B09B-C8FEB05CBB9C}.Debug|Any CPU.Build.0 = Debug|Any CPU
		{FD518DDC-2A26-4BCE-B09B-C8FEB05CBB9C}.Debug|x64.ActiveCfg = Debug|Any CPU
		{FD518DDC-2A26-4BCE-B09B-C8FEB05CBB9C}.Debug|x64.Build.0 = Debug|Any CPU
		{FD518DDC-2A26-4BCE-B09B-C8FEB05CBB9C}.Debug|x86.ActiveCfg = Debug|Any CPU
		{FD518DDC-2A26-4BCE-B09B-C8FEB05CBB9C}.Debug|x86.Build.0 = Debug|Any CPU
		{FD518DDC-2A26-4BCE-B09B-C8FEB05CBB9C}.Release|Any CPU.ActiveCfg = Release|Any CPU
		{FD518DDC-2A26-4BCE-B09B-C8FEB05CBB9C}.Release|Any CPU.Build.0 = Release|Any CPU
		{FD518DDC-2A26-4BCE-B09B-C8FEB05CBB9C}.Release|x64.ActiveCfg = Release|Any CPU
		{FD518DDC-2A26-4BCE-B09B-C8FEB05CBB9C}.Release|x64.Build.0 = Release|Any CPU
		{FD518DDC-2A26-4BCE-B09B-C8FEB05CBB9C}.Release|x86.ActiveCfg = Release|Any CPU
		{FD518DDC-2A26-4BCE-B09B-C8FEB05CBB9C}.Release|x86.Build.0 = Release|Any CPU
		{324B82AF-8B10-464E-8FB9-25B56DF81819}.Debug|Any CPU.ActiveCfg = Debug|Any CPU
		{324B82AF-8B10-464E-8FB9-25B56DF81819}.Debug|Any CPU.Build.0 = Debug|Any CPU
		{324B82AF-8B10-464E-8FB9-25B56DF81819}.Debug|x64.ActiveCfg = Debug|Any CPU
		{324B82AF-8B10-464E-8FB9-25B56DF81819}.Debug|x64.Build.0 = Debug|Any CPU
		{324B82AF-8B10-464E-8FB9-25B56DF81819}.Debug|x86.ActiveCfg = Debug|Any CPU
		{324B82AF-8B10-464E-8FB9-25B56DF81819}.Debug|x86.Build.0 = Debug|Any CPU
		{324B82AF-8B10-464E-8FB9-25B56DF81819}.Release|Any CPU.ActiveCfg = Release|Any CPU
		{324B82AF-8B10-464E-8FB9-25B56DF81819}.Release|Any CPU.Build.0 = Release|Any CPU
		{324B82AF-8B10-464E-8FB9-25B56DF81819}.Release|x64.ActiveCfg = Release|Any CPU
		{324B82AF-8B10-464E-8FB9-25B56DF81819}.Release|x64.Build.0 = Release|Any CPU
		{324B82AF-8B10-464E-8FB9-25B56DF81819}.Release|x86.ActiveCfg = Release|Any CPU
		{324B82AF-8B10-464E-8FB9-25B56DF81819}.Release|x86.Build.0 = Release|Any CPU
		{7384ADE0-9684-4068-9F21-4156F8EAF4E4}.Debug|Any CPU.ActiveCfg = Debug|Any CPU
		{7384ADE0-9684-4068-9F21-4156F8EAF4E4}.Debug|Any CPU.Build.0 = Debug|Any CPU
		{7384ADE0-9684-4068-9F21-4156F8EAF4E4}.Debug|x64.ActiveCfg = Debug|Any CPU
		{7384ADE0-9684-4068-9F21-4156F8EAF4E4}.Debug|x64.Build.0 = Debug|Any CPU
		{7384ADE0-9684-4068-9F21-4156F8EAF4E4}.Debug|x86.ActiveCfg = Debug|Any CPU
		{7384ADE0-9684-4068-9F21-4156F8EAF4E4}.Debug|x86.Build.0 = Debug|Any CPU
		{7384ADE0-9684-4068-9F21-4156F8EAF4E4}.Release|Any CPU.ActiveCfg = Release|Any CPU
		{7384ADE0-9684-4068-9F21-4156F8EAF4E4}.Release|Any CPU.Build.0 = Release|Any CPU
		{7384ADE0-9684-4068-9F21-4156F8EAF4E4}.Release|x64.ActiveCfg = Release|Any CPU
		{7384ADE0-9684-4068-9F21-4156F8EAF4E4}.Release|x64.Build.0 = Release|Any CPU
		{7384ADE0-9684-4068-9F21-4156F8EAF4E4}.Release|x86.ActiveCfg = Release|Any CPU
		{7384ADE0-9684-4068-9F21-4156F8EAF4E4}.Release|x86.Build.0 = Release|Any CPU
	EndGlobalSection
	GlobalSection(SolutionProperties) = preSolution
		HideSolutionNode = FALSE
	EndGlobalSection
	GlobalSection(NestedProjects) = preSolution
		{941C574F-2599-4113-AA7F-B25F50848DBE} = {827E0CD3-B72D-47B6-A68D-7590B98EB39B}
		{22A6B2FB-8D1C-43CE-8C74-84B8101CF20F} = {827E0CD3-B72D-47B6-A68D-7590B98EB39B}
		{3FA13A47-5FD8-4A0F-B6A2-205956F337B5} = {827E0CD3-B72D-47B6-A68D-7590B98EB39B}
		{FD518DDC-2A26-4BCE-B09B-C8FEB05CBB9C} = {827E0CD3-B72D-47B6-A68D-7590B98EB39B}
		{324B82AF-8B10-464E-8FB9-25B56DF81819} = {827E0CD3-B72D-47B6-A68D-7590B98EB39B}
		{7384ADE0-9684-4068-9F21-4156F8EAF4E4} = {827E0CD3-B72D-47B6-A68D-7590B98EB39B}
	EndGlobalSection
EndGlobal
